// !$*UTF8*$!
{
	archiveVersion = 1;
	classes = {
	};
	objectVersion = 50;
	objects = {

/* Begin PBXBuildFile section */
		3B29440826068E1E00E62344 /* FructusApp.swift in Sources */ = {isa = PBXBuildFile; fileRef = 3B29440726068E1E00E62344 /* FructusApp.swift */; };
		3B29440A26068E1E00E62344 /* ContentView.swift in Sources */ = {isa = PBXBuildFile; fileRef = 3B29440926068E1E00E62344 /* ContentView.swift */; };
		3B29440C26068E2000E62344 /* Assets.xcassets in Resources */ = {isa = PBXBuildFile; fileRef = 3B29440B26068E2000E62344 /* Assets.xcassets */; };
		3B29440F26068E2000E62344 /* Preview Assets.xcassets in Resources */ = {isa = PBXBuildFile; fileRef = 3B29440E26068E2000E62344 /* Preview Assets.xcassets */; };
		3B338D2B2610C83B008B7977 /* SettingsLabelView.swift in Sources */ = {isa = PBXBuildFile; fileRef = 3B338D2A2610C83B008B7977 /* SettingsLabelView.swift */; };
		3B338D2E2610CAE8008B7977 /* SettingsRowView.swift in Sources */ = {isa = PBXBuildFile; fileRef = 3B338D2D2610CAE8008B7977 /* SettingsRowView.swift */; };
		3B7ACEF42607699500E3666A /* FruitRowView.swift in Sources */ = {isa = PBXBuildFile; fileRef = 3B7ACEF32607699500E3666A /* FruitRowView.swift */; };
		3B7ACEF726077A6C00E3666A /* FruitDetailView.swift in Sources */ = {isa = PBXBuildFile; fileRef = 3B7ACEF626077A6C00E3666A /* FruitDetailView.swift */; };
		3B9348212606934400966074 /* FruitCardView.swift in Sources */ = {isa = PBXBuildFile; fileRef = 3B9348202606934400966074 /* FruitCardView.swift */; };
		3B93482526069B8000966074 /* StartButtonView.swift in Sources */ = {isa = PBXBuildFile; fileRef = 3B93482426069B7F00966074 /* StartButtonView.swift */; };
		3B93482826069E9600966074 /* OnboardingView.swift in Sources */ = {isa = PBXBuildFile; fileRef = 3B93482726069E9600966074 /* OnboardingView.swift */; };
		3B9348322606A0D300966074 /* FruitModel.swift in Sources */ = {isa = PBXBuildFile; fileRef = 3B9348312606A0D300966074 /* FruitModel.swift */; };
		3B9348362606A1D800966074 /* fruitsData.swift in Sources */ = {isa = PBXBuildFile; fileRef = 3B9348352606A1D800966074 /* fruitsData.swift */; };
		3BCCCF13260CD9A30088C359 /* FruitHeaderView.swift in Sources */ = {isa = PBXBuildFile; fileRef = 3BCCCF12260CD9A30088C359 /* FruitHeaderView.swift */; };
		3BCCCF16260CDD870088C359 /* SourceLinkView.swift in Sources */ = {isa = PBXBuildFile; fileRef = 3BCCCF15260CDD870088C359 /* SourceLinkView.swift */; };
		3BCCCF19260CE0030088C359 /* FruitNutrientsView.swift in Sources */ = {isa = PBXBuildFile; fileRef = 3BCCCF18260CE0030088C359 /* FruitNutrientsView.swift */; };
		3BCCCF1D260CE4110088C359 /* SettingsView.swift in Sources */ = {isa = PBXBuildFile; fileRef = 3BCCCF1C260CE4110088C359 /* SettingsView.swift */; };
/* End PBXBuildFile section */

/* Begin PBXFileReference section */
		3B29440426068E1E00E62344 /* Fructus.app */ = {isa = PBXFileReference; explicitFileType = wrapper.application; includeInIndex = 0; path = Fructus.app; sourceTree = BUILT_PRODUCTS_DIR; };
		3B29440726068E1E00E62344 /* FructusApp.swift */ = {isa = PBXFileReference; lastKnownFileType = sourcecode.swift; path = FructusApp.swift; sourceTree = "<group>"; };
		3B29440926068E1E00E62344 /* ContentView.swift */ = {isa = PBXFileReference; lastKnownFileType = sourcecode.swift; path = ContentView.swift; sourceTree = "<group>"; };
		3B29440B26068E2000E62344 /* Assets.xcassets */ = {isa = PBXFileReference; lastKnownFileType = folder.assetcatalog; path = Assets.xcassets; sourceTree = "<group>"; };
		3B29440E26068E2000E62344 /* Preview Assets.xcassets */ = {isa = PBXFileReference; lastKnownFileType = folder.assetcatalog; path = "Preview Assets.xcassets"; sourceTree = "<group>"; };
		3B29441026068E2000E62344 /* Info.plist */ = {isa = PBXFileReference; lastKnownFileType = text.plist.xml; path = Info.plist; sourceTree = "<group>"; };
		3B338D2A2610C83B008B7977 /* SettingsLabelView.swift */ = {isa = PBXFileReference; lastKnownFileType = sourcecode.swift; path = SettingsLabelView.swift; sourceTree = "<group>"; };
		3B338D2D2610CAE8008B7977 /* SettingsRowView.swift */ = {isa = PBXFileReference; lastKnownFileType = sourcecode.swift; path = SettingsRowView.swift; sourceTree = "<group>"; };
		3B7ACEF32607699500E3666A /* FruitRowView.swift */ = {isa = PBXFileReference; lastKnownFileType = sourcecode.swift; path = FruitRowView.swift; sourceTree = "<group>"; };
		3B7ACEF626077A6C00E3666A /* FruitDetailView.swift */ = {isa = PBXFileReference; lastKnownFileType = sourcecode.swift; path = FruitDetailView.swift; sourceTree = "<group>"; };
		3B9348202606934400966074 /* FruitCardView.swift */ = {isa = PBXFileReference; lastKnownFileType = sourcecode.swift; path = FruitCardView.swift; sourceTree = "<group>"; };
		3B93482426069B7F00966074 /* StartButtonView.swift */ = {isa = PBXFileReference; lastKnownFileType = sourcecode.swift; path = StartButtonView.swift; sourceTree = "<group>"; };
		3B93482726069E9600966074 /* OnboardingView.swift */ = {isa = PBXFileReference; lastKnownFileType = sourcecode.swift; path = OnboardingView.swift; sourceTree = "<group>"; };
		3B9348312606A0D300966074 /* FruitModel.swift */ = {isa = PBXFileReference; lastKnownFileType = sourcecode.swift; path = FruitModel.swift; sourceTree = "<group>"; };
		3B9348352606A1D800966074 /* fruitsData.swift */ = {isa = PBXFileReference; lastKnownFileType = sourcecode.swift; path = fruitsData.swift; sourceTree = "<group>"; };
		3BCCCF12260CD9A30088C359 /* FruitHeaderView.swift */ = {isa = PBXFileReference; lastKnownFileType = sourcecode.swift; path = FruitHeaderView.swift; sourceTree = "<group>"; };
		3BCCCF15260CDD870088C359 /* SourceLinkView.swift */ = {isa = PBXFileReference; lastKnownFileType = sourcecode.swift; path = SourceLinkView.swift; sourceTree = "<group>"; };
		3BCCCF18260CE0030088C359 /* FruitNutrientsView.swift */ = {isa = PBXFileReference; lastKnownFileType = sourcecode.swift; path = FruitNutrientsView.swift; sourceTree = "<group>"; };
		3BCCCF1C260CE4110088C359 /* SettingsView.swift */ = {isa = PBXFileReference; lastKnownFileType = sourcecode.swift; path = SettingsView.swift; sourceTree = "<group>"; };
/* End PBXFileReference section */

/* Begin PBXFrameworksBuildPhase section */
		3B29440126068E1E00E62344 /* Frameworks */ = {
			isa = PBXFrameworksBuildPhase;
			buildActionMask = 2147483647;
			files = (
			);
			runOnlyForDeploymentPostprocessing = 0;
		};
/* End PBXFrameworksBuildPhase section */

/* Begin PBXGroup section */
		3B2943FB26068E1E00E62344 = {
			isa = PBXGroup;
			children = (
				3B29440626068E1E00E62344 /* Fructus */,
				3B29440526068E1E00E62344 /* Products */,
			);
			sourceTree = "<group>";
		};
		3B29440526068E1E00E62344 /* Products */ = {
			isa = PBXGroup;
			children = (
				3B29440426068E1E00E62344 /* Fructus.app */,
			);
			name = Products;
			sourceTree = "<group>";
		};
		3B29440626068E1E00E62344 /* Fructus */ = {
			isa = PBXGroup;
			children = (
				3B9348342606A1BF00966074 /* Data */,
				3B93482A2606A0A700966074 /* Model */,
				3B93481F2606933200966074 /* View */,
				3B93481D2606931B00966074 /* App */,
				3B29440B26068E2000E62344 /* Assets.xcassets */,
				3B29441026068E2000E62344 /* Info.plist */,
				3B29440D26068E2000E62344 /* Preview Content */,
			);
			path = Fructus;
			sourceTree = "<group>";
		};
		3B29440D26068E2000E62344 /* Preview Content */ = {
			isa = PBXGroup;
			children = (
				3B29440E26068E2000E62344 /* Preview Assets.xcassets */,
			);
			path = "Preview Content";
			sourceTree = "<group>";
		};
		3B93481D2606931B00966074 /* App */ = {
			isa = PBXGroup;
			children = (
				3B29440926068E1E00E62344 /* ContentView.swift */,
				3B7ACEF626077A6C00E3666A /* FruitDetailView.swift */,
				3B93482726069E9600966074 /* OnboardingView.swift */,
				3B29440726068E1E00E62344 /* FructusApp.swift */,
				3B338D2A2610C83B008B7977 /* SettingsLabelView.swift */,
				3B338D2D2610CAE8008B7977 /* SettingsRowView.swift */,
				3BCCCF1C260CE4110088C359 /* SettingsView.swift */,
			);
			path = App;
			sourceTree = "<group>";
		};
		3B93481F2606933200966074 /* View */ = {
			isa = PBXGroup;
			children = (
				3B9348202606934400966074 /* FruitCardView.swift */,
				3BCCCF15260CDD870088C359 /* SourceLinkView.swift */,
				3B93482426069B7F00966074 /* StartButtonView.swift */,
				3B7ACEF32607699500E3666A /* FruitRowView.swift */,
				3BCCCF12260CD9A30088C359 /* FruitHeaderView.swift */,
				3BCCCF18260CE0030088C359 /* FruitNutrientsView.swift */,
			);
			path = View;
			sourceTree = "<group>";
		};
		3B93482A2606A0A700966074 /* Model */ = {
			isa = PBXGroup;
			children = (
				3B9348312606A0D300966074 /* FruitModel.swift */,
			);
			path = Model;
			sourceTree = "<group>";
		};
		3B9348342606A1BF00966074 /* Data */ = {
			isa = PBXGroup;
			children = (
				3B9348352606A1D800966074 /* fruitsData.swift */,
			);
			path = Data;
			sourceTree = "<group>";
		};
/* End PBXGroup section */

/* Begin PBXNativeTarget section */
		3B29440326068E1E00E62344 /* Fructus */ = {
			isa = PBXNativeTarget;
			buildConfigurationList = 3B29441326068E2000E62344 /* Build configuration list for PBXNativeTarget "Fructus" */;
			buildPhases = (
				3B29440026068E1E00E62344 /* Sources */,
				3B29440126068E1E00E62344 /* Frameworks */,
				3B29440226068E1E00E62344 /* Resources */,
			);
			buildRules = (
			);
			dependencies = (
			);
			name = Fructus;
			productName = Fructus;
			productReference = 3B29440426068E1E00E62344 /* Fructus.app */;
			productType = "com.apple.product-type.application";
		};
/* End PBXNativeTarget section */

/* Begin PBXProject section */
		3B2943FC26068E1E00E62344 /* Project object */ = {
			isa = PBXProject;
			attributes = {
				LastSwiftUpdateCheck = 1240;
				LastUpgradeCheck = 1240;
				TargetAttributes = {
					3B29440326068E1E00E62344 = {
						CreatedOnToolsVersion = 12.4;
					};
				};
			};
			buildConfigurationList = 3B2943FF26068E1E00E62344 /* Build configuration list for PBXProject "Fructus" */;
			compatibilityVersion = "Xcode 9.3";
			developmentRegion = en;
			hasScannedForEncodings = 0;
			knownRegions = (
				en,
				Base,
			);
			mainGroup = 3B2943FB26068E1E00E62344;
			productRefGroup = 3B29440526068E1E00E62344 /* Products */;
			projectDirPath = "";
			projectRoot = "";
			targets = (
				3B29440326068E1E00E62344 /* Fructus */,
			);
		};
/* End PBXProject section */

/* Begin PBXResourcesBuildPhase section */
		3B29440226068E1E00E62344 /* Resources */ = {
			isa = PBXResourcesBuildPhase;
			buildActionMask = 2147483647;
			files = (
				3B29440F26068E2000E62344 /* Preview Assets.xcassets in Resources */,
				3B29440C26068E2000E62344 /* Assets.xcassets in Resources */,
			);
			runOnlyForDeploymentPostprocessing = 0;
		};
/* End PBXResourcesBuildPhase section */

/* Begin PBXSourcesBuildPhase section */
		3B29440026068E1E00E62344 /* Sources */ = {
			isa = PBXSourcesBuildPhase;
			buildActionMask = 2147483647;
			files = (
				3B9348212606934400966074 /* FruitCardView.swift in Sources */,
				3BCCCF16260CDD870088C359 /* SourceLinkView.swift in Sources */,
				3B338D2E2610CAE8008B7977 /* SettingsRowView.swift in Sources */,
				3B9348362606A1D800966074 /* fruitsData.swift in Sources */,
				3B7ACEF42607699500E3666A /* FruitRowView.swift in Sources */,
				3BCCCF19260CE0030088C359 /* FruitNutrientsView.swift in Sources */,
				3B93482526069B8000966074 /* StartButtonView.swift in Sources */,
				3B7ACEF726077A6C00E3666A /* FruitDetailView.swift in Sources */,
				3B29440A26068E1E00E62344 /* ContentView.swift in Sources */,
				3BCCCF13260CD9A30088C359 /* FruitHeaderView.swift in Sources */,
				3B93482826069E9600966074 /* OnboardingView.swift in Sources */,
				3B338D2B2610C83B008B7977 /* SettingsLabelView.swift in Sources */,
				3B9348322606A0D300966074 /* FruitModel.swift in Sources */,
				3B29440826068E1E00E62344 /* FructusApp.swift in Sources */,
				3BCCCF1D260CE4110088C359 /* SettingsView.swift in Sources */,
			);
			runOnlyForDeploymentPostprocessing = 0;
		};
/* End PBXSourcesBuildPhase section */

/* Begin XCBuildConfiguration section */
		3B29441126068E2000E62344 /* Debug */ = {
			isa = XCBuildConfiguration;
			buildSettings = {
				ALWAYS_SEARCH_USER_PATHS = NO;
				CLANG_ANALYZER_NONNULL = YES;
				CLANG_ANALYZER_NUMBER_OBJECT_CONVERSION = YES_AGGRESSIVE;
				CLANG_CXX_LANGUAGE_STANDARD = "gnu++14";
				CLANG_CXX_LIBRARY = "libc++";
				CLANG_ENABLE_MODULES = YES;
				CLANG_ENABLE_OBJC_ARC = YES;
				CLANG_ENABLE_OBJC_WEAK = YES;
				CLANG_WARN_BLOCK_CAPTURE_AUTORELEASING = YES;
				CLANG_WARN_BOOL_CONVERSION = YES;
				CLANG_WARN_COMMA = YES;
				CLANG_WARN_CONSTANT_CONVERSION = YES;
				CLANG_WARN_DEPRECATED_OBJC_IMPLEMENTATIONS = YES;
				CLANG_WARN_DIRECT_OBJC_ISA_USAGE = YES_ERROR;
				CLANG_WARN_DOCUMENTATION_COMMENTS = YES;
				CLANG_WARN_EMPTY_BODY = YES;
				CLANG_WARN_ENUM_CONVERSION = YES;
				CLANG_WARN_INFINITE_RECURSION = YES;
				CLANG_WARN_INT_CONVERSION = YES;
				CLANG_WARN_NON_LITERAL_NULL_CONVERSION = YES;
				CLANG_WARN_OBJC_IMPLICIT_RETAIN_SELF = YES;
				CLANG_WARN_OBJC_LITERAL_CONVERSION = YES;
				CLANG_WARN_OBJC_ROOT_CLASS = YES_ERROR;
				CLANG_WARN_QUOTED_INCLUDE_IN_FRAMEWORK_HEADER = YES;
				CLANG_WARN_RANGE_LOOP_ANALYSIS = YES;
				CLANG_WARN_STRICT_PROTOTYPES = YES;
				CLANG_WARN_SUSPICIOUS_MOVE = YES;
				CLANG_WARN_UNGUARDED_AVAILABILITY = YES_AGGRESSIVE;
				CLANG_WARN_UNREACHABLE_CODE = YES;
				CLANG_WARN__DUPLICATE_METHOD_MATCH = YES;
				COPY_PHASE_STRIP = NO;
				DEBUG_INFORMATION_FORMAT = dwarf;
				ENABLE_STRICT_OBJC_MSGSEND = YES;
				ENABLE_TESTABILITY = YES;
				GCC_C_LANGUAGE_STANDARD = gnu11;
				GCC_DYNAMIC_NO_PIC = NO;
				GCC_NO_COMMON_BLOCKS = YES;
				GCC_OPTIMIZATION_LEVEL = 0;
				GCC_PREPROCESSOR_DEFINITIONS = (
					"DEBUG=1",
					"$(inherited)",
				);
				GCC_WARN_64_TO_32_BIT_CONVERSION = YES;
				GCC_WARN_ABOUT_RETURN_TYPE = YES_ERROR;
				GCC_WARN_UNDECLARED_SELECTOR = YES;
				GCC_WARN_UNINITIALIZED_AUTOS = YES_AGGRESSIVE;
				GCC_WARN_UNUSED_FUNCTION = YES;
				GCC_WARN_UNUSED_VARIABLE = YES;
				IPHONEOS_DEPLOYMENT_TARGET = 14.4;
				MTL_ENABLE_DEBUG_INFO = INCLUDE_SOURCE;
				MTL_FAST_MATH = YES;
				ONLY_ACTIVE_ARCH = YES;
				SDKROOT = iphoneos;
				SWIFT_ACTIVE_COMPILATION_CONDITIONS = DEBUG;
				SWIFT_OPTIMIZATION_LEVEL = "-Onone";
			};
			name = Debug;
		};
		3B29441226068E2000E62344 /* Release */ = {
			isa = XCBuildConfiguration;
			buildSettings = {
				ALWAYS_SEARCH_USER_PATHS = NO;
				CLANG_ANALYZER_NONNULL = YES;
				CLANG_ANALYZER_NUMBER_OBJECT_CONVERSION = YES_AGGRESSIVE;
				CLANG_CXX_LANGUAGE_STANDARD = "gnu++14";
				CLANG_CXX_LIBRARY = "libc++";
				CLANG_ENABLE_MODULES = YES;
				CLANG_ENABLE_OBJC_ARC = YES;
				CLANG_ENABLE_OBJC_WEAK = YES;
				CLANG_WARN_BLOCK_CAPTURE_AUTORELEASING = YES;
				CLANG_WARN_BOOL_CONVERSION = YES;
				CLANG_WARN_COMMA = YES;
				CLANG_WARN_CONSTANT_CONVERSION = YES;
				CLANG_WARN_DEPRECATED_OBJC_IMPLEMENTATIONS = YES;
				CLANG_WARN_DIRECT_OBJC_ISA_USAGE = YES_ERROR;
				CLANG_WARN_DOCUMENTATION_COMMENTS = YES;
				CLANG_WARN_EMPTY_BODY = YES;
				CLANG_WARN_ENUM_CONVERSION = YES;
				CLANG_WARN_INFINITE_RECURSION = YES;
				CLANG_WARN_INT_CONVERSION = YES;
				CLANG_WARN_NON_LITERAL_NULL_CONVERSION = YES;
				CLANG_WARN_OBJC_IMPLICIT_RETAIN_SELF = YES;
				CLANG_WARN_OBJC_LITERAL_CONVERSION = YES;
				CLANG_WARN_OBJC_ROOT_CLASS = YES_ERROR;
				CLANG_WARN_QUOTED_INCLUDE_IN_FRAMEWORK_HEADER = YES;
				CLANG_WARN_RANGE_LOOP_ANALYSIS = YES;
				CLANG_WARN_STRICT_PROTOTYPES = YES;
				CLANG_WARN_SUSPICIOUS_MOVE = YES;
				CLANG_WARN_UNGUARDED_AVAILABILITY = YES_AGGRESSIVE;
				CLANG_WARN_UNREACHABLE_CODE = YES;
				CLANG_WARN__DUPLICATE_METHOD_MATCH = YES;
				COPY_PHASE_STRIP = NO;
				DEBUG_INFORMATION_FORMAT = "dwarf-with-dsym";
				ENABLE_NS_ASSERTIONS = NO;
				ENABLE_STRICT_OBJC_MSGSEND = YES;
				GCC_C_LANGUAGE_STANDARD = gnu11;
				GCC_NO_COMMON_BLOCKS = YES;
				GCC_WARN_64_TO_32_BIT_CONVERSION = YES;
				GCC_WARN_ABOUT_RETURN_TYPE = YES_ERROR;
				GCC_WARN_UNDECLARED_SELECTOR = YES;
				GCC_WARN_UNINITIALIZED_AUTOS = YES_AGGRESSIVE;
				GCC_WARN_UNUSED_FUNCTION = YES;
				GCC_WARN_UNUSED_VARIABLE = YES;
				IPHONEOS_DEPLOYMENT_TARGET = 14.4;
				MTL_ENABLE_DEBUG_INFO = NO;
				MTL_FAST_MATH = YES;
				SDKROOT = iphoneos;
				SWIFT_COMPILATION_MODE = wholemodule;
				SWIFT_OPTIMIZATION_LEVEL = "-O";
				VALIDATE_PRODUCT = YES;
			};
			name = Release;
		};
		3B29441426068E2000E62344 /* Debug */ = {
			isa = XCBuildConfiguration;
			buildSettings = {
				ASSETCATALOG_COMPILER_APPICON_NAME = AppIcon;
				ASSETCATALOG_COMPILER_GLOBAL_ACCENT_COLOR_NAME = AccentColor;
				CODE_SIGN_STYLE = Automatic;
				DEVELOPMENT_ASSET_PATHS = "\"Fructus/Preview Content\"";
				DEVELOPMENT_TEAM = YJ43G2NR3P;
				ENABLE_PREVIEWS = YES;
				INFOPLIST_FILE = Fructus/Info.plist;
				IPHONEOS_DEPLOYMENT_TARGET = 14.0;
				LD_RUNPATH_SEARCH_PATHS = (
					"$(inherited)",
					"@executable_path/Frameworks",
				);
				PRODUCT_BUNDLE_IDENTIFIER = com.ezgi.Fructus;
				PRODUCT_NAME = "$(TARGET_NAME)";
				SWIFT_VERSION = 5.0;
				TARGETED_DEVICE_FAMILY = "1,2";
			};
			name = Debug;
		};
		3B29441526068E2000E62344 /* Release */ = {
			isa = XCBuildConfiguration;
			buildSettings = {
				ASSETCATALOG_COMPILER_APPICON_NAME = AppIcon;
				ASSETCATALOG_COMPILER_GLOBAL_ACCENT_COLOR_NAME = AccentColor;
				CODE_SIGN_STYLE = Automatic;
				DEVELOPMENT_ASSET_PATHS = "\"Fructus/Preview Content\"";
				DEVELOPMENT_TEAM = YJ43G2NR3P;
				ENABLE_PREVIEWS = YES;
				INFOPLIST_FILE = Fructus/Info.plist;
				IPHONEOS_DEPLOYMENT_TARGET = 14.0;
				LD_RUNPATH_SEARCH_PATHS = (
					"$(inherited)",
					"@executable_path/Frameworks",
				);
				PRODUCT_BUNDLE_IDENTIFIER = com.ezgi.Fructus;
				PRODUCT_NAME = "$(TARGET_NAME)";
				SWIFT_VERSION = 5.0;
				TARGETED_DEVICE_FAMILY = "1,2";
			};
			name = Release;
		};
/* End XCBuildConfiguration section */

/* Begin XCConfigurationList section */
		3B2943FF26068E1E00E62344 /* Build configuration list for PBXProject "Fructus" */ = {
			isa = XCConfigurationList;
			buildConfigurations = (
				3B29441126068E2000E62344 /* Debug */,
				3B29441226068E2000E62344 /* Release */,
			);
			defaultConfigurationIsVisible = 0;
			defaultConfigurationName = Release;
		};
		3B29441326068E2000E62344 /* Build configuration list for PBXNativeTarget "Fructus" */ = {
			isa = XCConfigurationList;
			buildConfigurations = (
				3B29441426068E2000E62344 /* Debug */,
				3B29441526068E2000E62344 /* Release */,
			);
			defaultConfigurationIsVisible = 0;
			defaultConfigurationName = Release;
		};
/* End XCConfigurationList section */
	};
	rootObject = 3B2943FC26068E1E00E62344 /* Project object */;
}
